
Microsoft Visual Studio Solution File, Format Version 12.00
# Visual Studio 15
VisualStudioVersion = 15.0.27703.2035
MinimumVisualStudioVersion = 10.0.40219.1
Project("{FAE04EC0-301F-11D3-BF4B-00C04F79EFBC}") = "Test1", "Test1\Test1.csproj", "{818BD35C-5AF9-49AF-A6C7-109FC8D100FD}"
EndProject
Project("{FAE04EC0-301F-11D3-BF4B-00C04F79EFBC}") = "OOPS1-AAC", "OOPS1-AAC\OOPS1-AAC.csproj", "{9ED2DFA2-1160-43B9-A23C-614928F7A1D4}"
EndProject
Project("{FAE04EC0-301F-11D3-BF4B-00C04F79EFBC}") = "OOPSQtns", "OOPSQtns\OOPSQtns.csproj", "{5AB903EC-68E5-4D9B-9288-BCEBEDD7A6A8}"
EndProject
Global
	GlobalSection(SolutionConfigurationPlatforms) = preSolution
		Debug|Any CPU = Debug|Any CPU
		Release|Any CPU = Release|Any CPU
	EndGlobalSection
	GlobalSection(ProjectConfigurationPlatforms) = postSolution
		{818BD35C-5AF9-49AF-A6C7-109FC8D100FD}.Debug|Any CPU.ActiveCfg = Debug|Any CPU
		{818BD35C-5AF9-49AF-A6C7-109FC8D100FD}.Debug|Any CPU.Build.0 = Debug|Any CPU
		{818BD35C-5AF9-49AF-A6C7-109FC8D100FD}.Release|Any CPU.ActiveCfg = Release|Any CPU
		{818BD35C-5AF9-49AF-A6C7-109FC8D100FD}.Release|Any CPU.Build.0 = Release|Any CPU
		{9ED2DFA2-1160-43B9-A23C-614928F7A1D4}.Debug|Any CPU.ActiveCfg = Debug|Any CPU
		{9ED2DFA2-1160-43B9-A23C-614928F7A1D4}.Debug|Any CPU.Build.0 = Debug|Any CPU
		{9ED2DFA2-1160-43B9-A23C-614928F7A1D4}.Release|Any CPU.ActiveCfg = Release|Any CPU
		{9ED2DFA2-1160-43B9-A23C-614928F7A1D4}.Release|Any CPU.Build.0 = Release|Any CPU
		{5AB903EC-68E5-4D9B-9288-BCEBEDD7A6A8}.Debug|Any CPU.ActiveCfg = Debug|Any CPU
		{5AB903EC-68E5-4D9B-9288-BCEBEDD7A6A8}.Debug|Any CPU.Build.0 = Debug|Any CPU
		{5AB903EC-68E5-4D9B-9288-BCEBEDD7A6A8}.Release|Any CPU.ActiveCfg = Release|Any CPU
		{5AB903EC-68E5-4D9B-9288-BCEBEDD7A6A8}.Release|Any CPU.Build.0 = Release|Any CPU
	EndGlobalSection
	GlobalSection(SolutionProperties) = preSolution
		HideSolutionNode = FALSE
	EndGlobalSection
	GlobalSection(ExtensibilityGlobals) = postSolution
		SolutionGuid = {F145DAA7-BD31-4A6E-9275-E56E06BF6953}
	EndGlobalSection
EndGlobal
